// !$*UTF8*$!
{
	archiveVersion = 1;
	classes = {
	};
	objectVersion = 46;
	objects = {

/* Begin PBXBuildFile section */
		2C63283719A4EF4D0055AB5B /* CameraViewController.m in Sources */ = {isa = PBXBuildFile; fileRef = 2C63283619A4EF4D0055AB5B /* CameraViewController.m */; };
		2C63283B19A4F7490055AB5B /* UserProfileViewController.m in Sources */ = {isa = PBXBuildFile; fileRef = 2C63283A19A4F7490055AB5B /* UserProfileViewController.m */; };
		2C7205F019A3947F009F5A65 /* Foundation.framework in Frameworks */ = {isa = PBXBuildFile; fileRef = 2C7205EF19A3947F009F5A65 /* Foundation.framework */; };
		2C7205F219A3947F009F5A65 /* CoreGraphics.framework in Frameworks */ = {isa = PBXBuildFile; fileRef = 2C7205F119A3947F009F5A65 /* CoreGraphics.framework */; };
		2C7205F419A3947F009F5A65 /* UIKit.framework in Frameworks */ = {isa = PBXBuildFile; fileRef = 2C7205F319A3947F009F5A65 /* UIKit.framework */; };
		2C7205FA19A3947F009F5A65 /* InfoPlist.strings in Resources */ = {isa = PBXBuildFile; fileRef = 2C7205F819A3947F009F5A65 /* InfoPlist.strings */; };
		2C7205FC19A3947F009F5A65 /* main.m in Sources */ = {isa = PBXBuildFile; fileRef = 2C7205FB19A3947F009F5A65 /* main.m */; };
		2C72060019A3947F009F5A65 /* AppDelegate.m in Sources */ = {isa = PBXBuildFile; fileRef = 2C7205FF19A3947F009F5A65 /* AppDelegate.m */; };
		2C72060319A3947F009F5A65 /* Main.storyboard in Resources */ = {isa = PBXBuildFile; fileRef = 2C72060119A3947F009F5A65 /* Main.storyboard */; };
		2C72060619A3947F009F5A65 /* LoginTypeSelectionViewController.m in Sources */ = {isa = PBXBuildFile; fileRef = 2C72060519A3947F009F5A65 /* LoginTypeSelectionViewController.m */; };
		2C72060819A3947F009F5A65 /* Images.xcassets in Resources */ = {isa = PBXBuildFile; fileRef = 2C72060719A3947F009F5A65 /* Images.xcassets */; };
		2C72060F19A3947F009F5A65 /* XCTest.framework in Frameworks */ = {isa = PBXBuildFile; fileRef = 2C72060E19A3947F009F5A65 /* XCTest.framework */; };
		2C72061019A3947F009F5A65 /* Foundation.framework in Frameworks */ = {isa = PBXBuildFile; fileRef = 2C7205EF19A3947F009F5A65 /* Foundation.framework */; };
		2C72061119A3947F009F5A65 /* UIKit.framework in Frameworks */ = {isa = PBXBuildFile; fileRef = 2C7205F319A3947F009F5A65 /* UIKit.framework */; };
		2C72061919A3947F009F5A65 /* InfoPlist.strings in Resources */ = {isa = PBXBuildFile; fileRef = 2C72061719A3947F009F5A65 /* InfoPlist.strings */; };
		2C72061B19A3947F009F5A65 /* InstagramTests.m in Sources */ = {isa = PBXBuildFile; fileRef = 2C72061A19A3947F009F5A65 /* InstagramTests.m */; };
		2CBAC8C719A454CA00D4C88F /* ExploreViewController.m in Sources */ = {isa = PBXBuildFile; fileRef = 2CBAC8C619A454CA00D4C88F /* ExploreViewController.m */; };
		2CCC01BA19A3B60100B1E30F /* TPKeyboardAvoidingCollectionView.m in Sources */ = {isa = PBXBuildFile; fileRef = 2CCC01B319A3B60100B1E30F /* TPKeyboardAvoidingCollectionView.m */; };
		2CCC01BB19A3B60100B1E30F /* TPKeyboardAvoidingScrollView.m in Sources */ = {isa = PBXBuildFile; fileRef = 2CCC01B519A3B60100B1E30F /* TPKeyboardAvoidingScrollView.m */; };
		2CCC01BC19A3B60100B1E30F /* TPKeyboardAvoidingTableView.m in Sources */ = {isa = PBXBuildFile; fileRef = 2CCC01B719A3B60100B1E30F /* TPKeyboardAvoidingTableView.m */; };
		2CCC01BD19A3B60100B1E30F /* UIScrollView+TPKeyboardAvoidingAdditions.m in Sources */ = {isa = PBXBuildFile; fileRef = 2CCC01B919A3B60100B1E30F /* UIScrollView+TPKeyboardAvoidingAdditions.m */; };
		2CCC01C019A3E03500B1E30F /* SignupViewController.m in Sources */ = {isa = PBXBuildFile; fileRef = 2CCC01BF19A3E03500B1E30F /* SignupViewController.m */; };
		2CCC01C319A3E14600B1E30F /* LoginViewController.m in Sources */ = {isa = PBXBuildFile; fileRef = 2CCC01C219A3E14600B1E30F /* LoginViewController.m */; };
		2CCC01C919A3E2AA00B1E30F /* PostsFeedViewController.m in Sources */ = {isa = PBXBuildFile; fileRef = 2CCC01C819A3E2AA00B1E30F /* PostsFeedViewController.m */; };
		2CCC01CC19A3E30B00B1E30F /* PostsFeedTableViewCell.m in Sources */ = {isa = PBXBuildFile; fileRef = 2CCC01CB19A3E30B00B1E30F /* PostsFeedTableViewCell.m */; };
		2CCC01CF19A3F00700B1E30F /* TabBarViewController.m in Sources */ = {isa = PBXBuildFile; fileRef = 2CCC01CE19A3F00700B1E30F /* TabBarViewController.m */; };
		4322F49019A4475D002C1FD5 /* UserCredentials.m in Sources */ = {isa = PBXBuildFile; fileRef = 4322F48F19A4475D002C1FD5 /* UserCredentials.m */; };
		4322F49619A44CB4002C1FD5 /* Photo.m in Sources */ = {isa = PBXBuildFile; fileRef = 4322F49519A44CB4002C1FD5 /* Photo.m */; };
		43CC874619A4ECB400856845 /* FacebookSDK.framework in Frameworks */ = {isa = PBXBuildFile; fileRef = 43CC874519A4ECB400856845 /* FacebookSDK.framework */; };
		43CC874C19A4F8A000856845 /* Comment.m in Sources */ = {isa = PBXBuildFile; fileRef = 43CC874B19A4F8A000856845 /* Comment.m */; };
		43CC874E19A5094700856845 /* Parse.framework in Frameworks */ = {isa = PBXBuildFile; fileRef = 43CC874D19A5094700856845 /* Parse.framework */; };
		43CC874F19A50E0400856845 /* Parse.framework in Frameworks */ = {isa = PBXBuildFile; fileRef = 43CC874D19A5094700856845 /* Parse.framework */; };
		F90C9F1B19A44CC90017B73F /* Accounts.framework in Frameworks */ = {isa = PBXBuildFile; fileRef = F90C9F1A19A44CC90017B73F /* Accounts.framework */; };
		F90C9F1D19A44CD30017B73F /* AdSupport.framework in Frameworks */ = {isa = PBXBuildFile; fileRef = F90C9F1C19A44CD30017B73F /* AdSupport.framework */; };
		F90C9F1F19A44CE40017B73F /* Social.framework in Frameworks */ = {isa = PBXBuildFile; fileRef = F90C9F1E19A44CE30017B73F /* Social.framework */; };
		F90C9F2119A44CED0017B73F /* SystemConfiguration.framework in Frameworks */ = {isa = PBXBuildFile; fileRef = F90C9F2019A44CED0017B73F /* SystemConfiguration.framework */; };
		F90C9F2319A44CFD0017B73F /* StoreKit.framework in Frameworks */ = {isa = PBXBuildFile; fileRef = F90C9F2219A44CFD0017B73F /* StoreKit.framework */; };
		F90C9F2519A44D060017B73F /* CoreLocation.framework in Frameworks */ = {isa = PBXBuildFile; fileRef = F90C9F2419A44D060017B73F /* CoreLocation.framework */; };
		F90C9F2719A44D120017B73F /* QuartzCore.framework in Frameworks */ = {isa = PBXBuildFile; fileRef = F90C9F2619A44D120017B73F /* QuartzCore.framework */; };
		F90C9F2919A44D210017B73F /* MobileCoreServices.framework in Frameworks */ = {isa = PBXBuildFile; fileRef = F90C9F2819A44D210017B73F /* MobileCoreServices.framework */; };
		F90C9F2B19A44D2A0017B73F /* CFNetwork.framework in Frameworks */ = {isa = PBXBuildFile; fileRef = F90C9F2A19A44D2A0017B73F /* CFNetwork.framework */; };
		F90C9F2D19A44D3D0017B73F /* AudioToolbox.framework in Frameworks */ = {isa = PBXBuildFile; fileRef = F90C9F2C19A44D3D0017B73F /* AudioToolbox.framework */; };
		F90C9F2F19A44D510017B73F /* libz.dylib in Frameworks */ = {isa = PBXBuildFile; fileRef = F90C9F2E19A44D510017B73F /* libz.dylib */; };
		F90C9F3119A44D590017B73F /* Security.framework in Frameworks */ = {isa = PBXBuildFile; fileRef = F90C9F3019A44D590017B73F /* Security.framework */; };
/* End PBXBuildFile section */

/* Begin PBXContainerItemProxy section */
		2C72061219A3947F009F5A65 /* PBXContainerItemProxy */ = {
			isa = PBXContainerItemProxy;
			containerPortal = 2C7205E419A3947F009F5A65 /* Project object */;
			proxyType = 1;
			remoteGlobalIDString = 2C7205EB19A3947F009F5A65;
			remoteInfo = Instagram;
		};
/* End PBXContainerItemProxy section */

/* Begin PBXFileReference section */
		2C63283519A4EF4D0055AB5B /* CameraViewController.h */ = {isa = PBXFileReference; fileEncoding = 4; lastKnownFileType = sourcecode.c.h; path = CameraViewController.h; sourceTree = "<group>"; };
		2C63283619A4EF4D0055AB5B /* CameraViewController.m */ = {isa = PBXFileReference; fileEncoding = 4; lastKnownFileType = sourcecode.c.objc; path = CameraViewController.m; sourceTree = "<group>"; };
		2C63283919A4F7490055AB5B /* UserProfileViewController.h */ = {isa = PBXFileReference; fileEncoding = 4; lastKnownFileType = sourcecode.c.h; path = UserProfileViewController.h; sourceTree = "<group>"; };
		2C63283A19A4F7490055AB5B /* UserProfileViewController.m */ = {isa = PBXFileReference; fileEncoding = 4; lastKnownFileType = sourcecode.c.objc; path = UserProfileViewController.m; sourceTree = "<group>"; };
		2C7205EC19A3947F009F5A65 /* Instagram.app */ = {isa = PBXFileReference; explicitFileType = wrapper.application; includeInIndex = 0; path = Instagram.app; sourceTree = BUILT_PRODUCTS_DIR; };
		2C7205EF19A3947F009F5A65 /* Foundation.framework */ = {isa = PBXFileReference; lastKnownFileType = wrapper.framework; name = Foundation.framework; path = System/Library/Frameworks/Foundation.framework; sourceTree = SDKROOT; };
		2C7205F119A3947F009F5A65 /* CoreGraphics.framework */ = {isa = PBXFileReference; lastKnownFileType = wrapper.framework; name = CoreGraphics.framework; path = System/Library/Frameworks/CoreGraphics.framework; sourceTree = SDKROOT; };
		2C7205F319A3947F009F5A65 /* UIKit.framework */ = {isa = PBXFileReference; lastKnownFileType = wrapper.framework; name = UIKit.framework; path = System/Library/Frameworks/UIKit.framework; sourceTree = SDKROOT; };
		2C7205F719A3947F009F5A65 /* Instagram-Info.plist */ = {isa = PBXFileReference; lastKnownFileType = text.plist.xml; path = "Instagram-Info.plist"; sourceTree = "<group>"; };
		2C7205F919A3947F009F5A65 /* en */ = {isa = PBXFileReference; lastKnownFileType = text.plist.strings; name = en; path = en.lproj/InfoPlist.strings; sourceTree = "<group>"; };
		2C7205FB19A3947F009F5A65 /* main.m */ = {isa = PBXFileReference; lastKnownFileType = sourcecode.c.objc; path = main.m; sourceTree = "<group>"; };
		2C7205FD19A3947F009F5A65 /* Instagram-Prefix.pch */ = {isa = PBXFileReference; lastKnownFileType = sourcecode.c.h; path = "Instagram-Prefix.pch"; sourceTree = "<group>"; };
		2C7205FE19A3947F009F5A65 /* AppDelegate.h */ = {isa = PBXFileReference; lastKnownFileType = sourcecode.c.h; path = AppDelegate.h; sourceTree = "<group>"; };
		2C7205FF19A3947F009F5A65 /* AppDelegate.m */ = {isa = PBXFileReference; lastKnownFileType = sourcecode.c.objc; path = AppDelegate.m; sourceTree = "<group>"; };
		2C72060219A3947F009F5A65 /* Base */ = {isa = PBXFileReference; lastKnownFileType = file.storyboard; name = Base; path = Base.lproj/Main.storyboard; sourceTree = "<group>"; };
		2C72060419A3947F009F5A65 /* LoginTypeSelectionViewController.h */ = {isa = PBXFileReference; lastKnownFileType = sourcecode.c.h; path = LoginTypeSelectionViewController.h; sourceTree = "<group>"; };
		2C72060519A3947F009F5A65 /* LoginTypeSelectionViewController.m */ = {isa = PBXFileReference; lastKnownFileType = sourcecode.c.objc; path = LoginTypeSelectionViewController.m; sourceTree = "<group>"; };
		2C72060719A3947F009F5A65 /* Images.xcassets */ = {isa = PBXFileReference; lastKnownFileType = folder.assetcatalog; path = Images.xcassets; sourceTree = "<group>"; };
		2C72060D19A3947F009F5A65 /* InstagramTests.xctest */ = {isa = PBXFileReference; explicitFileType = wrapper.cfbundle; includeInIndex = 0; path = InstagramTests.xctest; sourceTree = BUILT_PRODUCTS_DIR; };
		2C72060E19A3947F009F5A65 /* XCTest.framework */ = {isa = PBXFileReference; lastKnownFileType = wrapper.framework; name = XCTest.framework; path = Library/Frameworks/XCTest.framework; sourceTree = DEVELOPER_DIR; };
		2C72061619A3947F009F5A65 /* InstagramTests-Info.plist */ = {isa = PBXFileReference; lastKnownFileType = text.plist.xml; path = "InstagramTests-Info.plist"; sourceTree = "<group>"; };
		2C72061819A3947F009F5A65 /* en */ = {isa = PBXFileReference; lastKnownFileType = text.plist.strings; name = en; path = en.lproj/InfoPlist.strings; sourceTree = "<group>"; };
		2C72061A19A3947F009F5A65 /* InstagramTests.m */ = {isa = PBXFileReference; lastKnownFileType = sourcecode.c.objc; path = InstagramTests.m; sourceTree = "<group>"; };
		2CBAC8C519A454CA00D4C88F /* ExploreViewController.h */ = {isa = PBXFileReference; fileEncoding = 4; lastKnownFileType = sourcecode.c.h; path = ExploreViewController.h; sourceTree = "<group>"; };
		2CBAC8C619A454CA00D4C88F /* ExploreViewController.m */ = {isa = PBXFileReference; fileEncoding = 4; lastKnownFileType = sourcecode.c.objc; path = ExploreViewController.m; sourceTree = "<group>"; };
		2CCC01B219A3B60100B1E30F /* TPKeyboardAvoidingCollectionView.h */ = {isa = PBXFileReference; fileEncoding = 4; lastKnownFileType = sourcecode.c.h; path = TPKeyboardAvoidingCollectionView.h; sourceTree = "<group>"; };
		2CCC01B319A3B60100B1E30F /* TPKeyboardAvoidingCollectionView.m */ = {isa = PBXFileReference; fileEncoding = 4; lastKnownFileType = sourcecode.c.objc; path = TPKeyboardAvoidingCollectionView.m; sourceTree = "<group>"; };
		2CCC01B419A3B60100B1E30F /* TPKeyboardAvoidingScrollView.h */ = {isa = PBXFileReference; fileEncoding = 4; lastKnownFileType = sourcecode.c.h; path = TPKeyboardAvoidingScrollView.h; sourceTree = "<group>"; };
		2CCC01B519A3B60100B1E30F /* TPKeyboardAvoidingScrollView.m */ = {isa = PBXFileReference; fileEncoding = 4; lastKnownFileType = sourcecode.c.objc; path = TPKeyboardAvoidingScrollView.m; sourceTree = "<group>"; };
		2CCC01B619A3B60100B1E30F /* TPKeyboardAvoidingTableView.h */ = {isa = PBXFileReference; fileEncoding = 4; lastKnownFileType = sourcecode.c.h; path = TPKeyboardAvoidingTableView.h; sourceTree = "<group>"; };
		2CCC01B719A3B60100B1E30F /* TPKeyboardAvoidingTableView.m */ = {isa = PBXFileReference; fileEncoding = 4; lastKnownFileType = sourcecode.c.objc; path = TPKeyboardAvoidingTableView.m; sourceTree = "<group>"; };
		2CCC01B819A3B60100B1E30F /* UIScrollView+TPKeyboardAvoidingAdditions.h */ = {isa = PBXFileReference; fileEncoding = 4; lastKnownFileType = sourcecode.c.h; path = "UIScrollView+TPKeyboardAvoidingAdditions.h"; sourceTree = "<group>"; };
		2CCC01B919A3B60100B1E30F /* UIScrollView+TPKeyboardAvoidingAdditions.m */ = {isa = PBXFileReference; fileEncoding = 4; lastKnownFileType = sourcecode.c.objc; path = "UIScrollView+TPKeyboardAvoidingAdditions.m"; sourceTree = "<group>"; };
		2CCC01BE19A3E03500B1E30F /* SignupViewController.h */ = {isa = PBXFileReference; fileEncoding = 4; lastKnownFileType = sourcecode.c.h; path = SignupViewController.h; sourceTree = "<group>"; };
		2CCC01BF19A3E03500B1E30F /* SignupViewController.m */ = {isa = PBXFileReference; fileEncoding = 4; lastKnownFileType = sourcecode.c.objc; path = SignupViewController.m; sourceTree = "<group>"; };
		2CCC01C119A3E14600B1E30F /* LoginViewController.h */ = {isa = PBXFileReference; fileEncoding = 4; lastKnownFileType = sourcecode.c.h; path = LoginViewController.h; sourceTree = "<group>"; };
		2CCC01C219A3E14600B1E30F /* LoginViewController.m */ = {isa = PBXFileReference; fileEncoding = 4; lastKnownFileType = sourcecode.c.objc; path = LoginViewController.m; sourceTree = "<group>"; };
		2CCC01C719A3E2AA00B1E30F /* PostsFeedViewController.h */ = {isa = PBXFileReference; fileEncoding = 4; lastKnownFileType = sourcecode.c.h; path = PostsFeedViewController.h; sourceTree = "<group>"; };
		2CCC01C819A3E2AA00B1E30F /* PostsFeedViewController.m */ = {isa = PBXFileReference; fileEncoding = 4; lastKnownFileType = sourcecode.c.objc; path = PostsFeedViewController.m; sourceTree = "<group>"; };
		2CCC01CA19A3E30B00B1E30F /* PostsFeedTableViewCell.h */ = {isa = PBXFileReference; fileEncoding = 4; lastKnownFileType = sourcecode.c.h; path = PostsFeedTableViewCell.h; sourceTree = "<group>"; };
		2CCC01CB19A3E30B00B1E30F /* PostsFeedTableViewCell.m */ = {isa = PBXFileReference; fileEncoding = 4; lastKnownFileType = sourcecode.c.objc; path = PostsFeedTableViewCell.m; sourceTree = "<group>"; };
		2CCC01CD19A3F00700B1E30F /* TabBarViewController.h */ = {isa = PBXFileReference; fileEncoding = 4; lastKnownFileType = sourcecode.c.h; path = TabBarViewController.h; sourceTree = "<group>"; };
		2CCC01CE19A3F00700B1E30F /* TabBarViewController.m */ = {isa = PBXFileReference; fileEncoding = 4; lastKnownFileType = sourcecode.c.objc; path = TabBarViewController.m; sourceTree = "<group>"; };
		4322F48E19A4475D002C1FD5 /* UserCredentials.h */ = {isa = PBXFileReference; fileEncoding = 4; lastKnownFileType = sourcecode.c.h; path = UserCredentials.h; sourceTree = "<group>"; };
		4322F48F19A4475D002C1FD5 /* UserCredentials.m */ = {isa = PBXFileReference; fileEncoding = 4; lastKnownFileType = sourcecode.c.objc; path = UserCredentials.m; sourceTree = "<group>"; };
		4322F49419A44CB4002C1FD5 /* Photo.h */ = {isa = PBXFileReference; fileEncoding = 4; lastKnownFileType = sourcecode.c.h; path = Photo.h; sourceTree = "<group>"; };
		4322F49519A44CB4002C1FD5 /* Photo.m */ = {isa = PBXFileReference; fileEncoding = 4; lastKnownFileType = sourcecode.c.objc; path = Photo.m; sourceTree = "<group>"; };
		43CC874519A4ECB400856845 /* FacebookSDK.framework */ = {isa = PBXFileReference; lastKnownFileType = wrapper.framework; path = FacebookSDK.framework; sourceTree = "<group>"; };
		43CC874A19A4F8A000856845 /* Comment.h */ = {isa = PBXFileReference; fileEncoding = 4; lastKnownFileType = sourcecode.c.h; path = Comment.h; sourceTree = "<group>"; };
		43CC874B19A4F8A000856845 /* Comment.m */ = {isa = PBXFileReference; fileEncoding = 4; lastKnownFileType = sourcecode.c.objc; path = Comment.m; sourceTree = "<group>"; };
		43CC874D19A5094700856845 /* Parse.framework */ = {isa = PBXFileReference; lastKnownFileType = wrapper.framework; path = Parse.framework; sourceTree = "<group>"; };
		F90C9F1A19A44CC90017B73F /* Accounts.framework */ = {isa = PBXFileReference; lastKnownFileType = wrapper.framework; name = Accounts.framework; path = System/Library/Frameworks/Accounts.framework; sourceTree = SDKROOT; };
		F90C9F1C19A44CD30017B73F /* AdSupport.framework */ = {isa = PBXFileReference; lastKnownFileType = wrapper.framework; name = AdSupport.framework; path = System/Library/Frameworks/AdSupport.framework; sourceTree = SDKROOT; };
		F90C9F1E19A44CE30017B73F /* Social.framework */ = {isa = PBXFileReference; lastKnownFileType = wrapper.framework; name = Social.framework; path = System/Library/Frameworks/Social.framework; sourceTree = SDKROOT; };
		F90C9F2019A44CED0017B73F /* SystemConfiguration.framework */ = {isa = PBXFileReference; lastKnownFileType = wrapper.framework; name = SystemConfiguration.framework; path = System/Library/Frameworks/SystemConfiguration.framework; sourceTree = SDKROOT; };
		F90C9F2219A44CFD0017B73F /* StoreKit.framework */ = {isa = PBXFileReference; lastKnownFileType = wrapper.framework; name = StoreKit.framework; path = System/Library/Frameworks/StoreKit.framework; sourceTree = SDKROOT; };
		F90C9F2419A44D060017B73F /* CoreLocation.framework */ = {isa = PBXFileReference; lastKnownFileType = wrapper.framework; name = CoreLocation.framework; path = System/Library/Frameworks/CoreLocation.framework; sourceTree = SDKROOT; };
		F90C9F2619A44D120017B73F /* QuartzCore.framework */ = {isa = PBXFileReference; lastKnownFileType = wrapper.framework; name = QuartzCore.framework; path = System/Library/Frameworks/QuartzCore.framework; sourceTree = SDKROOT; };
		F90C9F2819A44D210017B73F /* MobileCoreServices.framework */ = {isa = PBXFileReference; lastKnownFileType = wrapper.framework; name = MobileCoreServices.framework; path = System/Library/Frameworks/MobileCoreServices.framework; sourceTree = SDKROOT; };
		F90C9F2A19A44D2A0017B73F /* CFNetwork.framework */ = {isa = PBXFileReference; lastKnownFileType = wrapper.framework; name = CFNetwork.framework; path = System/Library/Frameworks/CFNetwork.framework; sourceTree = SDKROOT; };
		F90C9F2C19A44D3D0017B73F /* AudioToolbox.framework */ = {isa = PBXFileReference; lastKnownFileType = wrapper.framework; name = AudioToolbox.framework; path = System/Library/Frameworks/AudioToolbox.framework; sourceTree = SDKROOT; };
		F90C9F2E19A44D510017B73F /* libz.dylib */ = {isa = PBXFileReference; lastKnownFileType = "compiled.mach-o.dylib"; name = libz.dylib; path = usr/lib/libz.dylib; sourceTree = SDKROOT; };
		F90C9F3019A44D590017B73F /* Security.framework */ = {isa = PBXFileReference; lastKnownFileType = wrapper.framework; name = Security.framework; path = System/Library/Frameworks/Security.framework; sourceTree = SDKROOT; };
/* End PBXFileReference section */

/* Begin PBXFrameworksBuildPhase section */
		2C7205E919A3947F009F5A65 /* Frameworks */ = {
			isa = PBXFrameworksBuildPhase;
			buildActionMask = 2147483647;
			files = (
				43CC874E19A5094700856845 /* Parse.framework in Frameworks */,
				43CC874619A4ECB400856845 /* FacebookSDK.framework in Frameworks */,
				2C7205F219A3947F009F5A65 /* CoreGraphics.framework in Frameworks */,
				F90C9F3119A44D590017B73F /* Security.framework in Frameworks */,
				F90C9F2F19A44D510017B73F /* libz.dylib in Frameworks */,
				F90C9F2D19A44D3D0017B73F /* AudioToolbox.framework in Frameworks */,
				F90C9F2B19A44D2A0017B73F /* CFNetwork.framework in Frameworks */,
				F90C9F2919A44D210017B73F /* MobileCoreServices.framework in Frameworks */,
				F90C9F2719A44D120017B73F /* QuartzCore.framework in Frameworks */,
				F90C9F2519A44D060017B73F /* CoreLocation.framework in Frameworks */,
				F90C9F2319A44CFD0017B73F /* StoreKit.framework in Frameworks */,
				F90C9F2119A44CED0017B73F /* SystemConfiguration.framework in Frameworks */,
				F90C9F1F19A44CE40017B73F /* Social.framework in Frameworks */,
				F90C9F1D19A44CD30017B73F /* AdSupport.framework in Frameworks */,
				F90C9F1B19A44CC90017B73F /* Accounts.framework in Frameworks */,
				2C7205F419A3947F009F5A65 /* UIKit.framework in Frameworks */,
				2C7205F019A3947F009F5A65 /* Foundation.framework in Frameworks */,
			);
			runOnlyForDeploymentPostprocessing = 0;
		};
		2C72060A19A3947F009F5A65 /* Frameworks */ = {
			isa = PBXFrameworksBuildPhase;
			buildActionMask = 2147483647;
			files = (
				43CC874F19A50E0400856845 /* Parse.framework in Frameworks */,
				2C72060F19A3947F009F5A65 /* XCTest.framework in Frameworks */,
				2C72061119A3947F009F5A65 /* UIKit.framework in Frameworks */,
				2C72061019A3947F009F5A65 /* Foundation.framework in Frameworks */,
			);
			runOnlyForDeploymentPostprocessing = 0;
		};
/* End PBXFrameworksBuildPhase section */

/* Begin PBXGroup section */
		2C63283419A4EF1E0055AB5B /* Camera */ = {
			isa = PBXGroup;
			children = (
				2C63283519A4EF4D0055AB5B /* CameraViewController.h */,
				2C63283619A4EF4D0055AB5B /* CameraViewController.m */,
			);
			name = Camera;
			sourceTree = "<group>";
		};
		2C63283819A4F7350055AB5B /* Profile */ = {
			isa = PBXGroup;
			children = (
				2C63283919A4F7490055AB5B /* UserProfileViewController.h */,
				2C63283A19A4F7490055AB5B /* UserProfileViewController.m */,
			);
			name = Profile;
			sourceTree = "<group>";
		};
		2C7205E319A3947F009F5A65 = {
			isa = PBXGroup;
			children = (
				2C7205F519A3947F009F5A65 /* Instagram */,
				2C72061419A3947F009F5A65 /* InstagramTests */,
				2C7205EE19A3947F009F5A65 /* Frameworks */,
				2C7205ED19A3947F009F5A65 /* Products */,
			);
			sourceTree = "<group>";
		};
		2C7205ED19A3947F009F5A65 /* Products */ = {
			isa = PBXGroup;
			children = (
				2C7205EC19A3947F009F5A65 /* Instagram.app */,
				2C72060D19A3947F009F5A65 /* InstagramTests.xctest */,
			);
			name = Products;
			sourceTree = "<group>";
		};
		2C7205EE19A3947F009F5A65 /* Frameworks */ = {
			isa = PBXGroup;
			children = (
				43CC874D19A5094700856845 /* Parse.framework */,
				43CC874519A4ECB400856845 /* FacebookSDK.framework */,
				F90C9F3019A44D590017B73F /* Security.framework */,
				F90C9F2E19A44D510017B73F /* libz.dylib */,
				F90C9F2C19A44D3D0017B73F /* AudioToolbox.framework */,
				F90C9F2A19A44D2A0017B73F /* CFNetwork.framework */,
				F90C9F2819A44D210017B73F /* MobileCoreServices.framework */,
				F90C9F2619A44D120017B73F /* QuartzCore.framework */,
				F90C9F2419A44D060017B73F /* CoreLocation.framework */,
				F90C9F2219A44CFD0017B73F /* StoreKit.framework */,
				F90C9F2019A44CED0017B73F /* SystemConfiguration.framework */,
				F90C9F1E19A44CE30017B73F /* Social.framework */,
				F90C9F1C19A44CD30017B73F /* AdSupport.framework */,
				F90C9F1A19A44CC90017B73F /* Accounts.framework */,
				2C7205EF19A3947F009F5A65 /* Foundation.framework */,
				2C7205F119A3947F009F5A65 /* CoreGraphics.framework */,
				2C7205F319A3947F009F5A65 /* UIKit.framework */,
				2C72060E19A3947F009F5A65 /* XCTest.framework */,
			);
			name = Frameworks;
			sourceTree = "<group>";
		};
		2C7205F519A3947F009F5A65 /* Instagram */ = {
			isa = PBXGroup;
			children = (
				4322F48D19A44661002C1FD5 /* Model */,
				2CCC01D119A3F08000B1E30F /* Login and sign up */,
				2CCC01D019A3F07500B1E30F /* Posts feed */,
				2CBAC8C819A454E100D4C88F /* Explore */,
				2C63283419A4EF1E0055AB5B /* Camera */,
				2C63283819A4F7350055AB5B /* Profile */,
				2C7205FE19A3947F009F5A65 /* AppDelegate.h */,
				2C7205FF19A3947F009F5A65 /* AppDelegate.m */,
				2C72060119A3947F009F5A65 /* Main.storyboard */,
				2CCC01CD19A3F00700B1E30F /* TabBarViewController.h */,
				2CCC01CE19A3F00700B1E30F /* TabBarViewController.m */,
				2C72060719A3947F009F5A65 /* Images.xcassets */,
				2C7205F619A3947F009F5A65 /* Supporting Files */,
			);
			path = Instagram;
			sourceTree = "<group>";
		};
		2C7205F619A3947F009F5A65 /* Supporting Files */ = {
			isa = PBXGroup;
			children = (
				2CCC01B119A3B60100B1E30F /* TPKeyboardAvoiding */,
				2C7205F719A3947F009F5A65 /* Instagram-Info.plist */,
				2C7205F819A3947F009F5A65 /* InfoPlist.strings */,
				2C7205FB19A3947F009F5A65 /* main.m */,
				2C7205FD19A3947F009F5A65 /* Instagram-Prefix.pch */,
			);
			name = "Supporting Files";
			sourceTree = "<group>";
		};
		2C72061419A3947F009F5A65 /* InstagramTests */ = {
			isa = PBXGroup;
			children = (
				2C72061A19A3947F009F5A65 /* InstagramTests.m */,
				2C72061519A3947F009F5A65 /* Supporting Files */,
			);
			path = InstagramTests;
			sourceTree = "<group>";
		};
		2C72061519A3947F009F5A65 /* Supporting Files */ = {
			isa = PBXGroup;
			children = (
				2C72061619A3947F009F5A65 /* InstagramTests-Info.plist */,
				2C72061719A3947F009F5A65 /* InfoPlist.strings */,
			);
			name = "Supporting Files";
			sourceTree = "<group>";
		};
		2CBAC8C819A454E100D4C88F /* Explore */ = {
			isa = PBXGroup;
			children = (
				2CBAC8C519A454CA00D4C88F /* ExploreViewController.h */,
				2CBAC8C619A454CA00D4C88F /* ExploreViewController.m */,
			);
			name = Explore;
			sourceTree = "<group>";
		};
		2CCC01B119A3B60100B1E30F /* TPKeyboardAvoiding */ = {
			isa = PBXGroup;
			children = (
				2CCC01B219A3B60100B1E30F /* TPKeyboardAvoidingCollectionView.h */,
				2CCC01B319A3B60100B1E30F /* TPKeyboardAvoidingCollectionView.m */,
				2CCC01B419A3B60100B1E30F /* TPKeyboardAvoidingScrollView.h */,
				2CCC01B519A3B60100B1E30F /* TPKeyboardAvoidingScrollView.m */,
				2CCC01B619A3B60100B1E30F /* TPKeyboardAvoidingTableView.h */,
				2CCC01B719A3B60100B1E30F /* TPKeyboardAvoidingTableView.m */,
				2CCC01B819A3B60100B1E30F /* UIScrollView+TPKeyboardAvoidingAdditions.h */,
				2CCC01B919A3B60100B1E30F /* UIScrollView+TPKeyboardAvoidingAdditions.m */,
			);
			path = TPKeyboardAvoiding;
			sourceTree = "<group>";
		};
		2CCC01D019A3F07500B1E30F /* Posts feed */ = {
			isa = PBXGroup;
			children = (
				2CCC01C719A3E2AA00B1E30F /* PostsFeedViewController.h */,
				2CCC01C819A3E2AA00B1E30F /* PostsFeedViewController.m */,
				2CCC01CA19A3E30B00B1E30F /* PostsFeedTableViewCell.h */,
				2CCC01CB19A3E30B00B1E30F /* PostsFeedTableViewCell.m */,
			);
			name = "Posts feed";
			sourceTree = "<group>";
		};
		2CCC01D119A3F08000B1E30F /* Login and sign up */ = {
			isa = PBXGroup;
			children = (
				2C72060419A3947F009F5A65 /* LoginTypeSelectionViewController.h */,
				2C72060519A3947F009F5A65 /* LoginTypeSelectionViewController.m */,
				2CCC01BE19A3E03500B1E30F /* SignupViewController.h */,
				2CCC01BF19A3E03500B1E30F /* SignupViewController.m */,
				2CCC01C119A3E14600B1E30F /* LoginViewController.h */,
				2CCC01C219A3E14600B1E30F /* LoginViewController.m */,
			);
			name = "Login and sign up";
			sourceTree = "<group>";
		};
		4322F48D19A44661002C1FD5 /* Model */ = {
			isa = PBXGroup;
			children = (
				4322F48E19A4475D002C1FD5 /* UserCredentials.h */,
				4322F48F19A4475D002C1FD5 /* UserCredentials.m */,
				4322F49419A44CB4002C1FD5 /* Photo.h */,
				4322F49519A44CB4002C1FD5 /* Photo.m */,
				43CC874A19A4F8A000856845 /* Comment.h */,
				43CC874B19A4F8A000856845 /* Comment.m */,
			);
			name = Model;
			sourceTree = "<group>";
		};
/* End PBXGroup section */

/* Begin PBXNativeTarget section */
		2C7205EB19A3947F009F5A65 /* Instagram */ = {
			isa = PBXNativeTarget;
			buildConfigurationList = 2C72061E19A3947F009F5A65 /* Build configuration list for PBXNativeTarget "Instagram" */;
			buildPhases = (
				2C7205E819A3947F009F5A65 /* Sources */,
				2C7205E919A3947F009F5A65 /* Frameworks */,
				2C7205EA19A3947F009F5A65 /* Resources */,
			);
			buildRules = (
			);
			dependencies = (
			);
			name = Instagram;
			productName = Instagram;
			productReference = 2C7205EC19A3947F009F5A65 /* Instagram.app */;
			productType = "com.apple.product-type.application";
		};
		2C72060C19A3947F009F5A65 /* InstagramTests */ = {
			isa = PBXNativeTarget;
			buildConfigurationList = 2C72062119A3947F009F5A65 /* Build configuration list for PBXNativeTarget "InstagramTests" */;
			buildPhases = (
				2C72060919A3947F009F5A65 /* Sources */,
				2C72060A19A3947F009F5A65 /* Frameworks */,
				2C72060B19A3947F009F5A65 /* Resources */,
			);
			buildRules = (
			);
			dependencies = (
				2C72061319A3947F009F5A65 /* PBXTargetDependency */,
			);
			name = InstagramTests;
			productName = InstagramTests;
			productReference = 2C72060D19A3947F009F5A65 /* InstagramTests.xctest */;
			productType = "com.apple.product-type.bundle.unit-test";
		};
/* End PBXNativeTarget section */

/* Begin PBXProject section */
		2C7205E419A3947F009F5A65 /* Project object */ = {
			isa = PBXProject;
			attributes = {
				LastUpgradeCheck = 0510;
				ORGANIZATIONNAME = "Mobile Makers";
				TargetAttributes = {
					2C72060C19A3947F009F5A65 = {
						TestTargetID = 2C7205EB19A3947F009F5A65;
					};
				};
			};
			buildConfigurationList = 2C7205E719A3947F009F5A65 /* Build configuration list for PBXProject "Instagram" */;
			compatibilityVersion = "Xcode 3.2";
			developmentRegion = English;
			hasScannedForEncodings = 0;
			knownRegions = (
				en,
				Base,
			);
			mainGroup = 2C7205E319A3947F009F5A65;
			productRefGroup = 2C7205ED19A3947F009F5A65 /* Products */;
			projectDirPath = "";
			projectRoot = "";
			targets = (
				2C7205EB19A3947F009F5A65 /* Instagram */,
				2C72060C19A3947F009F5A65 /* InstagramTests */,
			);
		};
/* End PBXProject section */

/* Begin PBXResourcesBuildPhase section */
		2C7205EA19A3947F009F5A65 /* Resources */ = {
			isa = PBXResourcesBuildPhase;
			buildActionMask = 2147483647;
			files = (
				2C72060819A3947F009F5A65 /* Images.xcassets in Resources */,
				2C7205FA19A3947F009F5A65 /* InfoPlist.strings in Resources */,
				2C72060319A3947F009F5A65 /* Main.storyboard in Resources */,
			);
			runOnlyForDeploymentPostprocessing = 0;
		};
		2C72060B19A3947F009F5A65 /* Resources */ = {
			isa = PBXResourcesBuildPhase;
			buildActionMask = 2147483647;
			files = (
				2C72061919A3947F009F5A65 /* InfoPlist.strings in Resources */,
			);
			runOnlyForDeploymentPostprocessing = 0;
		};
/* End PBXResourcesBuildPhase section */

/* Begin PBXSourcesBuildPhase section */
		2C7205E819A3947F009F5A65 /* Sources */ = {
			isa = PBXSourcesBuildPhase;
			buildActionMask = 2147483647;
			files = (
				2C72060619A3947F009F5A65 /* LoginTypeSelectionViewController.m in Sources */,
				2CCC01BB19A3B60100B1E30F /* TPKeyboardAvoidingScrollView.m in Sources */,
				2CCC01CF19A3F00700B1E30F /* TabBarViewController.m in Sources */,
				4322F49019A4475D002C1FD5 /* UserCredentials.m in Sources */,
				43CC874C19A4F8A000856845 /* Comment.m in Sources */,
				2C72060019A3947F009F5A65 /* AppDelegate.m in Sources */,
				2CCC01BD19A3B60100B1E30F /* UIScrollView+TPKeyboardAvoidingAdditions.m in Sources */,
				2CCC01BC19A3B60100B1E30F /* TPKeyboardAvoidingTableView.m in Sources */,
				2CCC01C319A3E14600B1E30F /* LoginViewController.m in Sources */,
				2C63283B19A4F7490055AB5B /* UserProfileViewController.m in Sources */,
				2CCC01BA19A3B60100B1E30F /* TPKeyboardAvoidingCollectionView.m in Sources */,
				2CCC01C019A3E03500B1E30F /* SignupViewController.m in Sources */,
				4322F49619A44CB4002C1FD5 /* Photo.m in Sources */,
				2CCC01C919A3E2AA00B1E30F /* PostsFeedViewController.m in Sources */,
				2CBAC8C719A454CA00D4C88F /* ExploreViewController.m in Sources */,
				2C63283719A4EF4D0055AB5B /* CameraViewController.m in Sources */,
				2C7205FC19A3947F009F5A65 /* main.m in Sources */,
				2CCC01CC19A3E30B00B1E30F /* PostsFeedTableViewCell.m in Sources */,
			);
			runOnlyForDeploymentPostprocessing = 0;
		};
		2C72060919A3947F009F5A65 /* Sources */ = {
			isa = PBXSourcesBuildPhase;
			buildActionMask = 2147483647;
			files = (
				2C72061B19A3947F009F5A65 /* InstagramTests.m in Sources */,
			);
			runOnlyForDeploymentPostprocessing = 0;
		};
/* End PBXSourcesBuildPhase section */

/* Begin PBXTargetDependency section */
		2C72061319A3947F009F5A65 /* PBXTargetDependency */ = {
			isa = PBXTargetDependency;
			target = 2C7205EB19A3947F009F5A65 /* Instagram */;
			targetProxy = 2C72061219A3947F009F5A65 /* PBXContainerItemProxy */;
		};
/* End PBXTargetDependency section */

/* Begin PBXVariantGroup section */
		2C7205F819A3947F009F5A65 /* InfoPlist.strings */ = {
			isa = PBXVariantGroup;
			children = (
				2C7205F919A3947F009F5A65 /* en */,
			);
			name = InfoPlist.strings;
			sourceTree = "<group>";
		};
		2C72060119A3947F009F5A65 /* Main.storyboard */ = {
			isa = PBXVariantGroup;
			children = (
				2C72060219A3947F009F5A65 /* Base */,
			);
			name = Main.storyboard;
			sourceTree = "<group>";
		};
		2C72061719A3947F009F5A65 /* InfoPlist.strings */ = {
			isa = PBXVariantGroup;
			children = (
				2C72061819A3947F009F5A65 /* en */,
			);
			name = InfoPlist.strings;
			sourceTree = "<group>";
		};
/* End PBXVariantGroup section */

/* Begin XCBuildConfiguration section */
		2C72061C19A3947F009F5A65 /* Debug */ = {
			isa = XCBuildConfiguration;
			buildSettings = {
				ALWAYS_SEARCH_USER_PATHS = NO;
				CLANG_CXX_LANGUAGE_STANDARD = "gnu++0x";
				CLANG_CXX_LIBRARY = "libc++";
				CLANG_ENABLE_MODULES = YES;
				CLANG_ENABLE_OBJC_ARC = YES;
				CLANG_WARN_BOOL_CONVERSION = YES;
				CLANG_WARN_CONSTANT_CONVERSION = YES;
				CLANG_WARN_DIRECT_OBJC_ISA_USAGE = YES_ERROR;
				CLANG_WARN_EMPTY_BODY = YES;
				CLANG_WARN_ENUM_CONVERSION = YES;
				CLANG_WARN_INT_CONVERSION = YES;
				CLANG_WARN_OBJC_ROOT_CLASS = YES_ERROR;
				CLANG_WARN__DUPLICATE_METHOD_MATCH = YES;
				"CODE_SIGN_IDENTITY[sdk=iphoneos*]" = "iPhone Developer";
				COPY_PHASE_STRIP = NO;
				GCC_C_LANGUAGE_STANDARD = gnu99;
				GCC_DYNAMIC_NO_PIC = NO;
				GCC_INCREASE_PRECOMPILED_HEADER_SHARING = YES;
				GCC_OPTIMIZATION_LEVEL = 0;
				GCC_PRECOMPILE_PREFIX_HEADER = YES;
				GCC_PREPROCESSOR_DEFINITIONS = (
					"DEBUG=1",
					"$(inherited)",
				);
				GCC_SYMBOLS_PRIVATE_EXTERN = NO;
				GCC_WARN_64_TO_32_BIT_CONVERSION = YES;
				GCC_WARN_ABOUT_RETURN_TYPE = YES_ERROR;
				GCC_WARN_UNDECLARED_SELECTOR = YES;
				GCC_WARN_UNINITIALIZED_AUTOS = YES_AGGRESSIVE;
				GCC_WARN_UNUSED_FUNCTION = YES;
				GCC_WARN_UNUSED_VARIABLE = YES;
				IPHONEOS_DEPLOYMENT_TARGET = 7.1;
				ONLY_ACTIVE_ARCH = YES;
				SDKROOT = iphoneos;
			};
			name = Debug;
		};
		2C72061D19A3947F009F5A65 /* Release */ = {
			isa = XCBuildConfiguration;
			buildSettings = {
				ALWAYS_SEARCH_USER_PATHS = NO;
				CLANG_CXX_LANGUAGE_STANDARD = "gnu++0x";
				CLANG_CXX_LIBRARY = "libc++";
				CLANG_ENABLE_MODULES = YES;
				CLANG_ENABLE_OBJC_ARC = YES;
				CLANG_WARN_BOOL_CONVERSION = YES;
				CLANG_WARN_CONSTANT_CONVERSION = YES;
				CLANG_WARN_DIRECT_OBJC_ISA_USAGE = YES_ERROR;
				CLANG_WARN_EMPTY_BODY = YES;
				CLANG_WARN_ENUM_CONVERSION = YES;
				CLANG_WARN_INT_CONVERSION = YES;
				CLANG_WARN_OBJC_ROOT_CLASS = YES_ERROR;
				CLANG_WARN__DUPLICATE_METHOD_MATCH = YES;
				"CODE_SIGN_IDENTITY[sdk=iphoneos*]" = "iPhone Developer";
				COPY_PHASE_STRIP = YES;
				ENABLE_NS_ASSERTIONS = NO;
				GCC_C_LANGUAGE_STANDARD = gnu99;
				GCC_INCREASE_PRECOMPILED_HEADER_SHARING = YES;
				GCC_PRECOMPILE_PREFIX_HEADER = YES;
				GCC_WARN_64_TO_32_BIT_CONVERSION = YES;
				GCC_WARN_ABOUT_RETURN_TYPE = YES_ERROR;
				GCC_WARN_UNDECLARED_SELECTOR = YES;
				GCC_WARN_UNINITIALIZED_AUTOS = YES_AGGRESSIVE;
				GCC_WARN_UNUSED_FUNCTION = YES;
				GCC_WARN_UNUSED_VARIABLE = YES;
				IPHONEOS_DEPLOYMENT_TARGET = 7.1;
				SDKROOT = iphoneos;
				VALIDATE_PRODUCT = YES;
			};
			name = Release;
		};
		2C72061F19A3947F009F5A65 /* Debug */ = {
			isa = XCBuildConfiguration;
			buildSettings = {
				ASSETCATALOG_COMPILER_APPICON_NAME = AppIcon;
				ASSETCATALOG_COMPILER_LAUNCHIMAGE_NAME = LaunchImage;
				FRAMEWORK_SEARCH_PATHS = (
					"$(inherited)",
					"$(PROJECT_DIR)",
				);
				GCC_PRECOMPILE_PREFIX_HEADER = YES;
				GCC_PREFIX_HEADER = "Instagram/Instagram-Prefix.pch";
				INFOPLIST_FILE = "Instagram/Instagram-Info.plist";
				PRODUCT_NAME = "$(TARGET_NAME)";
				WRAPPER_EXTENSION = app;
			};
			name = Debug;
		};
		2C72062019A3947F009F5A65 /* Release */ = {
			isa = XCBuildConfiguration;
			buildSettings = {
				ASSETCATALOG_COMPILER_APPICON_NAME = AppIcon;
				ASSETCATALOG_COMPILER_LAUNCHIMAGE_NAME = LaunchImage;
				FRAMEWORK_SEARCH_PATHS = (
					"$(inherited)",
					"$(PROJECT_DIR)",
				);
				GCC_PRECOMPILE_PREFIX_HEADER = YES;
				GCC_PREFIX_HEADER = "Instagram/Instagram-Prefix.pch";
				INFOPLIST_FILE = "Instagram/Instagram-Info.plist";
				PRODUCT_NAME = "$(TARGET_NAME)";
				WRAPPER_EXTENSION = app;
			};
			name = Release;
		};
		2C72062219A3947F009F5A65 /* Debug */ = {
			isa = XCBuildConfiguration;
			buildSettings = {
				BUNDLE_LOADER = "$(BUILT_PRODUCTS_DIR)/Instagram.app/Instagram";
				FRAMEWORK_SEARCH_PATHS = (
					"$(SDKROOT)/Developer/Library/Frameworks",
					"$(inherited)",
					"$(DEVELOPER_FRAMEWORKS_DIR)",
					"$(PROJECT_DIR)",
				);
				GCC_PRECOMPILE_PREFIX_HEADER = YES;
				GCC_PREFIX_HEADER = "Instagram/Instagram-Prefix.pch";
				GCC_PREPROCESSOR_DEFINITIONS = (
					"DEBUG=1",
					"$(inherited)",
				);
				INFOPLIST_FILE = "InstagramTests/InstagramTests-Info.plist";
				PRODUCT_NAME = "$(TARGET_NAME)";
				TEST_HOST = "$(BUNDLE_LOADER)";
				WRAPPER_EXTENSION = xctest;
			};
			name = Debug;
		};
		2C72062319A3947F009F5A65 /* Release */ = {
			isa = XCBuildConfiguration;
			buildSettings = {
				BUNDLE_LOADER = "$(BUILT_PRODUCTS_DIR)/Instagram.app/Instagram";
				FRAMEWORK_SEARCH_PATHS = (
					"$(SDKROOT)/Developer/Library/Frameworks",
					"$(inherited)",
					"$(DEVELOPER_FRAMEWORKS_DIR)",
					"$(PROJECT_DIR)",
				);
				GCC_PRECOMPILE_PREFIX_HEADER = YES;
				GCC_PREFIX_HEADER = "Instagram/Instagram-Prefix.pch";
				INFOPLIST_FILE = "InstagramTests/InstagramTests-Info.plist";
				PRODUCT_NAME = "$(TARGET_NAME)";
				TEST_HOST = "$(BUNDLE_LOADER)";
				WRAPPER_EXTENSION = xctest;
			};
			name = Release;
		};
/* End XCBuildConfiguration section */

/* Begin XCConfigurationList section */
		2C7205E719A3947F009F5A65 /* Build configuration list for PBXProject "Instagram" */ = {
			isa = XCConfigurationList;
			buildConfigurations = (
				2C72061C19A3947F009F5A65 /* Debug */,
				2C72061D19A3947F009F5A65 /* Release */,
			);
			defaultConfigurationIsVisible = 0;
			defaultConfigurationName = Release;
		};
		2C72061E19A3947F009F5A65 /* Build configuration list for PBXNativeTarget "Instagram" */ = {
			isa = XCConfigurationList;
			buildConfigurations = (
				2C72061F19A3947F009F5A65 /* Debug */,
				2C72062019A3947F009F5A65 /* Release */,
			);
			defaultConfigurationIsVisible = 0;
			defaultConfigurationName = Release;
		};
		2C72062119A3947F009F5A65 /* Build configuration list for PBXNativeTarget "InstagramTests" */ = {
			isa = XCConfigurationList;
			buildConfigurations = (
				2C72062219A3947F009F5A65 /* Debug */,
				2C72062319A3947F009F5A65 /* Release */,
			);
			defaultConfigurationIsVisible = 0;
			defaultConfigurationName = Release;
		};
/* End XCConfigurationList section */
	};
	rootObject = 2C7205E419A3947F009F5A65 /* Project object */;
}
